packages:
- package: calogica/dbt_expectations
  version: 0.8.0
- package: dbt-labs/dbt_external_tables
  version: 0.8.0
- package: dbt-labs/dbt_utils
  version: 1.0.0
- git: https://github.com/FlipsideCrypto/fsc-utils.git
  revision: 80485821ff14c1393b9a533cd06ca2ec6fdb04df
- package: calogica/dbt_date
  version: 0.7.2
- git: https://github.com/FlipsideCrypto/livequery-models.git
  revision: 883675b4021cc9a777e12fe6be8114ab039ab365
sha1_hash: a6c0dbd16322af0a91e00940de633ecc5818892c
