packages:
  - package: calogica/dbt_expectations
    version: 0.8.0
  - package: dbt-labs/dbt_external_tables
    version: 0.8.0
  - package: dbt-labs/dbt_utils
    version: 1.0.0
  - git: https://github.com/FlipsideCrypto/fsc-utils.git
    revision: f62ca7b72419fb73436f932d112637005a5696ae
  - package: calogica/dbt_date
    version: 0.7.2
  - git: https://github.com/FlipsideCrypto/livequery-models.git
    revision: b8dc1b09a4d5c3f295610dd3336367d842ad71b0
sha1_hash: ce0d2b1d3c1c57db753a50abb65f3ccb4e189101
