packages:
- package: calogica/dbt_expectations
  version: 0.8.0
- package: dbt-labs/dbt_external_tables
  version: 0.8.0
- package: dbt-labs/dbt_utils
  version: 1.0.0
- git: https://github.com/FlipsideCrypto/fsc-utils.git
  revision: eb33ac727af26ebc8a8cc9711d4a6ebc3790a107
- package: calogica/dbt_date
  version: 0.7.2
- git: https://github.com/FlipsideCrypto/livequery-models.git
  revision: b024188be4e9c6bc00ed77797ebdc92d351d620e
sha1_hash: a041a36ad8c4c5e042c054c10acf56e433869e05
